
Microsoft Visual Studio Solution File, Format Version 12.00
# Visual Studio Version 16
VisualStudioVersion = 16.0.31911.196
MinimumVisualStudioVersion = 10.0.40219.1
Project("{FAE04EC0-301F-11D3-BF4B-00C04F79EFBC}") = "Sava_Camelia_Lab10.Android", "Sava_Camelia_Lab10.Android\Sava_Camelia_Lab10.Android.csproj", "{4600F172-5A8C-4D2C-A1A9-73B5B946DC01}"
EndProject
Project("{FAE04EC0-301F-11D3-BF4B-00C04F79EFBC}") = "Sava_Camelia_Lab10.iOS", "Sava_Camelia_Lab10.iOS\Sava_Camelia_Lab10.iOS.csproj", "{1844117A-E447-44EB-A0CD-840BA4995ED8}"
EndProject
Project("{FAE04EC0-301F-11D3-BF4B-00C04F79EFBC}") = "Sava_Camelia_Lab10", "Sava_Camelia_Lab10\Sava_Camelia_Lab10.csproj", "{8A1F07DF-766C-4C7D-8AC1-D139D6024B25}"
EndProject
Global
	GlobalSection(SolutionConfigurationPlatforms) = preSolution
		Debug|Any CPU = Debug|Any CPU
		Debug|iPhone = Debug|iPhone
		Debug|iPhoneSimulator = Debug|iPhoneSimulator
		Release|Any CPU = Release|Any CPU
		Release|iPhone = Release|iPhone
		Release|iPhoneSimulator = Release|iPhoneSimulator
	EndGlobalSection
	GlobalSection(ProjectConfigurationPlatforms) = postSolution
		{4600F172-5A8C-4D2C-A1A9-73B5B946DC01}.Debug|Any CPU.ActiveCfg = Debug|Any CPU
		{4600F172-5A8C-4D2C-A1A9-73B5B946DC01}.Debug|Any CPU.Build.0 = Debug|Any CPU
		{4600F172-5A8C-4D2C-A1A9-73B5B946DC01}.Debug|Any CPU.Deploy.0 = Debug|Any CPU
		{4600F172-5A8C-4D2C-A1A9-73B5B946DC01}.Debug|iPhone.ActiveCfg = Debug|Any CPU
		{4600F172-5A8C-4D2C-A1A9-73B5B946DC01}.Debug|iPhone.Build.0 = Debug|Any CPU
		{4600F172-5A8C-4D2C-A1A9-73B5B946DC01}.Debug|iPhone.Deploy.0 = Debug|Any CPU
		{4600F172-5A8C-4D2C-A1A9-73B5B946DC01}.Debug|iPhoneSimulator.ActiveCfg = Debug|Any CPU
		{4600F172-5A8C-4D2C-A1A9-73B5B946DC01}.Debug|iPhoneSimulator.Build.0 = Debug|Any CPU
		{4600F172-5A8C-4D2C-A1A9-73B5B946DC01}.Debug|iPhoneSimulator.Deploy.0 = Debug|Any CPU
		{4600F172-5A8C-4D2C-A1A9-73B5B946DC01}.Release|Any CPU.ActiveCfg = Release|Any CPU
		{4600F172-5A8C-4D2C-A1A9-73B5B946DC01}.Release|Any CPU.Build.0 = Release|Any CPU
		{4600F172-5A8C-4D2C-A1A9-73B5B946DC01}.Release|Any CPU.Deploy.0 = Release|Any CPU
		{4600F172-5A8C-4D2C-A1A9-73B5B946DC01}.Release|iPhone.ActiveCfg = Release|Any CPU
		{4600F172-5A8C-4D2C-A1A9-73B5B946DC01}.Release|iPhone.Build.0 = Release|Any CPU
		{4600F172-5A8C-4D2C-A1A9-73B5B946DC01}.Release|iPhone.Deploy.0 = Release|Any CPU
		{4600F172-5A8C-4D2C-A1A9-73B5B946DC01}.Release|iPhoneSimulator.ActiveCfg = Release|Any CPU
		{4600F172-5A8C-4D2C-A1A9-73B5B946DC01}.Release|iPhoneSimulator.Build.0 = Release|Any CPU
		{4600F172-5A8C-4D2C-A1A9-73B5B946DC01}.Release|iPhoneSimulator.Deploy.0 = Release|Any CPU
		{1844117A-E447-44EB-A0CD-840BA4995ED8}.Debug|Any CPU.ActiveCfg = Debug|iPhone
		{1844117A-E447-44EB-A0CD-840BA4995ED8}.Debug|Any CPU.Build.0 = Debug|iPhone
		{1844117A-E447-44EB-A0CD-840BA4995ED8}.Debug|Any CPU.Deploy.0 = Debug|iPhone
		{1844117A-E447-44EB-A0CD-840BA4995ED8}.Debug|iPhone.ActiveCfg = Debug|iPhone
		{1844117A-E447-44EB-A0CD-840BA4995ED8}.Debug|iPhone.Build.0 = Debug|iPhone
		{1844117A-E447-44EB-A0CD-840BA4995ED8}.Debug|iPhone.Deploy.0 = Debug|iPhone
		{1844117A-E447-44EB-A0CD-840BA4995ED8}.Debug|iPhoneSimulator.ActiveCfg = Debug|iPhoneSimulator
		{1844117A-E447-44EB-A0CD-840BA4995ED8}.Debug|iPhoneSimulator.Build.0 = Debug|iPhoneSimulator
		{1844117A-E447-44EB-A0CD-840BA4995ED8}.Debug|iPhoneSimulator.Deploy.0 = Debug|iPhoneSimulator
		{1844117A-E447-44EB-A0CD-840BA4995ED8}.Release|Any CPU.ActiveCfg = Release|iPhoneSimulator
		{1844117A-E447-44EB-A0CD-840BA4995ED8}.Release|Any CPU.Build.0 = Release|iPhoneSimulator
		{1844117A-E447-44EB-A0CD-840BA4995ED8}.Release|Any CPU.Deploy.0 = Release|iPhoneSimulator
		{1844117A-E447-44EB-A0CD-840BA4995ED8}.Release|iPhone.ActiveCfg = Release|iPhone
		{1844117A-E447-44EB-A0CD-840BA4995ED8}.Release|iPhone.Build.0 = Release|iPhone
		{1844117A-E447-44EB-A0CD-840BA4995ED8}.Release|iPhone.Deploy.0 = Release|iPhone
		{1844117A-E447-44EB-A0CD-840BA4995ED8}.Release|iPhoneSimulator.ActiveCfg = Release|iPhoneSimulator
		{1844117A-E447-44EB-A0CD-840BA4995ED8}.Release|iPhoneSimulator.Build.0 = Release|iPhoneSimulator
		{1844117A-E447-44EB-A0CD-840BA4995ED8}.Release|iPhoneSimulator.Deploy.0 = Release|iPhoneSimulator
		{8A1F07DF-766C-4C7D-8AC1-D139D6024B25}.Debug|Any CPU.ActiveCfg = Debug|Any CPU
		{8A1F07DF-766C-4C7D-8AC1-D139D6024B25}.Debug|Any CPU.Build.0 = Debug|Any CPU
		{8A1F07DF-766C-4C7D-8AC1-D139D6024B25}.Debug|Any CPU.Deploy.0 = Debug|Any CPU
		{8A1F07DF-766C-4C7D-8AC1-D139D6024B25}.Debug|iPhone.ActiveCfg = Debug|Any CPU
		{8A1F07DF-766C-4C7D-8AC1-D139D6024B25}.Debug|iPhone.Build.0 = Debug|Any CPU
		{8A1F07DF-766C-4C7D-8AC1-D139D6024B25}.Debug|iPhone.Deploy.0 = Debug|Any CPU
		{8A1F07DF-766C-4C7D-8AC1-D139D6024B25}.Debug|iPhoneSimulator.ActiveCfg = Debug|Any CPU
		{8A1F07DF-766C-4C7D-8AC1-D139D6024B25}.Debug|iPhoneSimulator.Build.0 = Debug|Any CPU
		{8A1F07DF-766C-4C7D-8AC1-D139D6024B25}.Debug|iPhoneSimulator.Deploy.0 = Debug|Any CPU
		{8A1F07DF-766C-4C7D-8AC1-D139D6024B25}.Release|Any CPU.ActiveCfg = Release|Any CPU
		{8A1F07DF-766C-4C7D-8AC1-D139D6024B25}.Release|Any CPU.Build.0 = Release|Any CPU
		{8A1F07DF-766C-4C7D-8AC1-D139D6024B25}.Release|Any CPU.Deploy.0 = Release|Any CPU
		{8A1F07DF-766C-4C7D-8AC1-D139D6024B25}.Release|iPhone.ActiveCfg = Release|Any CPU
		{8A1F07DF-766C-4C7D-8AC1-D139D6024B25}.Release|iPhone.Build.0 = Release|Any CPU
		{8A1F07DF-766C-4C7D-8AC1-D139D6024B25}.Release|iPhone.Deploy.0 = Release|Any CPU
		{8A1F07DF-766C-4C7D-8AC1-D139D6024B25}.Release|iPhoneSimulator.ActiveCfg = Release|Any CPU
		{8A1F07DF-766C-4C7D-8AC1-D139D6024B25}.Release|iPhoneSimulator.Build.0 = Release|Any CPU
		{8A1F07DF-766C-4C7D-8AC1-D139D6024B25}.Release|iPhoneSimulator.Deploy.0 = Release|Any CPU
	EndGlobalSection
	GlobalSection(SolutionProperties) = preSolution
		HideSolutionNode = FALSE
	EndGlobalSection
	GlobalSection(ExtensibilityGlobals) = postSolution
		SolutionGuid = {DAC52C6E-CAFF-46E0-8233-D8842D4F17BB}
	EndGlobalSection
EndGlobal
