
Microsoft Visual Studio Solution File, Format Version 12.00
# Visual Studio Version 16
VisualStudioVersion = 16.0.31911.196
MinimumVisualStudioVersion = 10.0.40219.1
Project("{FAE04EC0-301F-11D3-BF4B-00C04F79EFBC}") = "Sava_Camelia_Lab8", "Sava_Camelia_Lab8.csproj", "{F76ED95C-B286-41E1-BB63-1FC2E37B5E3C}"
EndProject
Global
	GlobalSection(SolutionConfigurationPlatforms) = preSolution
		Debug|Any CPU = Debug|Any CPU
		Release|Any CPU = Release|Any CPU
	EndGlobalSection
	GlobalSection(ProjectConfigurationPlatforms) = postSolution
		{F76ED95C-B286-41E1-BB63-1FC2E37B5E3C}.Debug|Any CPU.ActiveCfg = Debug|Any CPU
		{F76ED95C-B286-41E1-BB63-1FC2E37B5E3C}.Debug|Any CPU.Build.0 = Debug|Any CPU
		{F76ED95C-B286-41E1-BB63-1FC2E37B5E3C}.Release|Any CPU.ActiveCfg = Release|Any CPU
		{F76ED95C-B286-41E1-BB63-1FC2E37B5E3C}.Release|Any CPU.Build.0 = Release|Any CPU
	EndGlobalSection
	GlobalSection(SolutionProperties) = preSolution
		HideSolutionNode = FALSE
	EndGlobalSection
	GlobalSection(ExtensibilityGlobals) = postSolution
		SolutionGuid = {263B4543-4CC3-4CDB-8882-E2533599CC85}
	EndGlobalSection
EndGlobal
